
Microsoft Visual Studio Solution File, Format Version 12.00
# Visual Studio 15
VisualStudioVersion = 15.0.27004.2008
MinimumVisualStudioVersion = 10.0.40219.1
Project("{8BC9CEB8-8B4A-11D0-8D11-00A0C91BC942}") = "OpenML.Shared", "OpenML.Shared\OpenML.Shared.vcxitems", "{F7A2DD82-407D-41DE-9A22-6860EC4385BA}"
EndProject
Project("{8BC9CEB8-8B4A-11D0-8D11-00A0C91BC942}") = "OpenML.Android", "OpenML.Android\OpenML.Android.vcxproj", "{5F478FCC-0639-4DC4-AC49-C9DA352CD0EC}"
EndProject
Project("{8BC9CEB8-8B4A-11D0-8D11-00A0C91BC942}") = "OpenML.Win32", "OpenML.Win32\OpenML.Win32.vcxproj", "{E59B16CA-EE86-41BB-B1B4-E81DB09E8561}"
EndProject
Project("{8BC9CEB8-8B4A-11D0-8D11-00A0C91BC942}") = "OpenML.Test", "OpenML.Test\OpenML.Test.vcxproj", "{E7272BEF-24FC-41DC-A294-FFEDF9C453FD}"
EndProject
Global
	GlobalSection(SharedMSBuildProjectFiles) = preSolution
		OpenML.Shared\OpenML.Shared.vcxitems*{5f478fcc-0639-4dc4-ac49-c9da352cd0ec}*SharedItemsImports = 4
		OpenML.Shared\OpenML.Shared.vcxitems*{e59b16ca-ee86-41bb-b1b4-e81db09e8561}*SharedItemsImports = 4
		OpenML.Shared\OpenML.Shared.vcxitems*{e7272bef-24fc-41dc-a294-ffedf9c453fd}*SharedItemsImports = 4
		OpenML.Shared\OpenML.Shared.vcxitems*{f7a2dd82-407d-41de-9a22-6860ec4385ba}*SharedItemsImports = 9
	EndGlobalSection
	GlobalSection(SolutionConfigurationPlatforms) = preSolution
		Debug-COLUMN_ORDER|ARM = Debug-COLUMN_ORDER|ARM
		Debug-COLUMN_ORDER|x64 = Debug-COLUMN_ORDER|x64
		Debug-COLUMN_ORDER|x86 = Debug-COLUMN_ORDER|x86
		Debug-ROW_ORDER|ARM = Debug-ROW_ORDER|ARM
		Debug-ROW_ORDER|x64 = Debug-ROW_ORDER|x64
		Debug-ROW_ORDER|x86 = Debug-ROW_ORDER|x86
		Release-COLUMN_ORDER|ARM = Release-COLUMN_ORDER|ARM
		Release-COLUMN_ORDER|x64 = Release-COLUMN_ORDER|x64
		Release-COLUMN_ORDER|x86 = Release-COLUMN_ORDER|x86
		Release-ROW_ORDER|ARM = Release-ROW_ORDER|ARM
		Release-ROW_ORDER|x64 = Release-ROW_ORDER|x64
		Release-ROW_ORDER|x86 = Release-ROW_ORDER|x86
	EndGlobalSection
	GlobalSection(ProjectConfigurationPlatforms) = postSolution
		{5F478FCC-0639-4DC4-AC49-C9DA352CD0EC}.Debug-COLUMN_ORDER|ARM.ActiveCfg = Debug-COLUMN_ORDER|ARM
		{5F478FCC-0639-4DC4-AC49-C9DA352CD0EC}.Debug-COLUMN_ORDER|ARM.Build.0 = Debug-COLUMN_ORDER|ARM
		{5F478FCC-0639-4DC4-AC49-C9DA352CD0EC}.Debug-COLUMN_ORDER|x64.ActiveCfg = Debug-COLUMN_ORDER|ARM
		{5F478FCC-0639-4DC4-AC49-C9DA352CD0EC}.Debug-COLUMN_ORDER|x86.ActiveCfg = Debug-COLUMN_ORDER|ARM
		{5F478FCC-0639-4DC4-AC49-C9DA352CD0EC}.Debug-ROW_ORDER|ARM.ActiveCfg = Debug-ROW_ORDER|ARM
		{5F478FCC-0639-4DC4-AC49-C9DA352CD0EC}.Debug-ROW_ORDER|x64.ActiveCfg = Debug-ROW_ORDER|ARM
		{5F478FCC-0639-4DC4-AC49-C9DA352CD0EC}.Debug-ROW_ORDER|x86.ActiveCfg = Debug-ROW_ORDER|ARM
		{5F478FCC-0639-4DC4-AC49-C9DA352CD0EC}.Release-COLUMN_ORDER|ARM.ActiveCfg = Release-COLUMN_ORDER|ARM
		{5F478FCC-0639-4DC4-AC49-C9DA352CD0EC}.Release-COLUMN_ORDER|ARM.Build.0 = Release-COLUMN_ORDER|ARM
		{5F478FCC-0639-4DC4-AC49-C9DA352CD0EC}.Release-COLUMN_ORDER|x64.ActiveCfg = Release-COLUMN_ORDER|ARM
		{5F478FCC-0639-4DC4-AC49-C9DA352CD0EC}.Release-COLUMN_ORDER|x86.ActiveCfg = Release-COLUMN_ORDER|ARM
		{5F478FCC-0639-4DC4-AC49-C9DA352CD0EC}.Release-ROW_ORDER|ARM.ActiveCfg = Release-ROW_ORDER|ARM
		{5F478FCC-0639-4DC4-AC49-C9DA352CD0EC}.Release-ROW_ORDER|x64.ActiveCfg = Release-ROW_ORDER|ARM
		{5F478FCC-0639-4DC4-AC49-C9DA352CD0EC}.Release-ROW_ORDER|x86.ActiveCfg = Release-ROW_ORDER|ARM
		{E59B16CA-EE86-41BB-B1B4-E81DB09E8561}.Debug-COLUMN_ORDER|ARM.ActiveCfg = Debug-COLUMN_ORDER|Win32
		{E59B16CA-EE86-41BB-B1B4-E81DB09E8561}.Debug-COLUMN_ORDER|x64.ActiveCfg = Debug-COLUMN_ORDER|x64
		{E59B16CA-EE86-41BB-B1B4-E81DB09E8561}.Debug-COLUMN_ORDER|x64.Build.0 = Debug-COLUMN_ORDER|x64
		{E59B16CA-EE86-41BB-B1B4-E81DB09E8561}.Debug-COLUMN_ORDER|x86.ActiveCfg = Debug-COLUMN_ORDER|Win32
		{E59B16CA-EE86-41BB-B1B4-E81DB09E8561}.Debug-COLUMN_ORDER|x86.Build.0 = Debug-COLUMN_ORDER|Win32
		{E59B16CA-EE86-41BB-B1B4-E81DB09E8561}.Debug-ROW_ORDER|ARM.ActiveCfg = Debug-ROW_ORDER|Win32
		{E59B16CA-EE86-41BB-B1B4-E81DB09E8561}.Debug-ROW_ORDER|x64.ActiveCfg = Debug-ROW_ORDER|x64
		{E59B16CA-EE86-41BB-B1B4-E81DB09E8561}.Debug-ROW_ORDER|x64.Build.0 = Debug-ROW_ORDER|x64
		{E59B16CA-EE86-41BB-B1B4-E81DB09E8561}.Debug-ROW_ORDER|x86.ActiveCfg = Debug-ROW_ORDER|Win32
		{E59B16CA-EE86-41BB-B1B4-E81DB09E8561}.Debug-ROW_ORDER|x86.Build.0 = Debug-ROW_ORDER|Win32
		{E59B16CA-EE86-41BB-B1B4-E81DB09E8561}.Release-COLUMN_ORDER|ARM.ActiveCfg = Release-COLUMN_ORDER|Win32
		{E59B16CA-EE86-41BB-B1B4-E81DB09E8561}.Release-COLUMN_ORDER|x64.ActiveCfg = Release-COLUMN_ORDER|x64
		{E59B16CA-EE86-41BB-B1B4-E81DB09E8561}.Release-COLUMN_ORDER|x64.Build.0 = Release-COLUMN_ORDER|x64
		{E59B16CA-EE86-41BB-B1B4-E81DB09E8561}.Release-COLUMN_ORDER|x86.ActiveCfg = Release-COLUMN_ORDER|Win32
		{E59B16CA-EE86-41BB-B1B4-E81DB09E8561}.Release-COLUMN_ORDER|x86.Build.0 = Release-COLUMN_ORDER|Win32
		{E59B16CA-EE86-41BB-B1B4-E81DB09E8561}.Release-ROW_ORDER|ARM.ActiveCfg = Release-ROW_ORDER|Win32
		{E59B16CA-EE86-41BB-B1B4-E81DB09E8561}.Release-ROW_ORDER|x64.ActiveCfg = Release-ROW_ORDER|x64
		{E59B16CA-EE86-41BB-B1B4-E81DB09E8561}.Release-ROW_ORDER|x64.Build.0 = Release-ROW_ORDER|x64
		{E59B16CA-EE86-41BB-B1B4-E81DB09E8561}.Release-ROW_ORDER|x86.ActiveCfg = Release-ROW_ORDER|Win32
		{E59B16CA-EE86-41BB-B1B4-E81DB09E8561}.Release-ROW_ORDER|x86.Build.0 = Release-ROW_ORDER|Win32
		{E7272BEF-24FC-41DC-A294-FFEDF9C453FD}.Debug-COLUMN_ORDER|ARM.ActiveCfg = Debug-COLUMN_ORDER|Win32
		{E7272BEF-24FC-41DC-A294-FFEDF9C453FD}.Debug-COLUMN_ORDER|x64.ActiveCfg = Debug-COLUMN_ORDER|x64
		{E7272BEF-24FC-41DC-A294-FFEDF9C453FD}.Debug-COLUMN_ORDER|x64.Build.0 = Debug-COLUMN_ORDER|x64
		{E7272BEF-24FC-41DC-A294-FFEDF9C453FD}.Debug-COLUMN_ORDER|x86.ActiveCfg = Debug-COLUMN_ORDER|Win32
		{E7272BEF-24FC-41DC-A294-FFEDF9C453FD}.Debug-COLUMN_ORDER|x86.Build.0 = Debug-COLUMN_ORDER|Win32
		{E7272BEF-24FC-41DC-A294-FFEDF9C453FD}.Debug-ROW_ORDER|ARM.ActiveCfg = Debug-ROW_ORDER|Win32
		{E7272BEF-24FC-41DC-A294-FFEDF9C453FD}.Debug-ROW_ORDER|x64.ActiveCfg = Debug-ROW_ORDER|x64
		{E7272BEF-24FC-41DC-A294-FFEDF9C453FD}.Debug-ROW_ORDER|x64.Build.0 = Debug-ROW_ORDER|x64
		{E7272BEF-24FC-41DC-A294-FFEDF9C453FD}.Debug-ROW_ORDER|x86.ActiveCfg = Debug-ROW_ORDER|Win32
		{E7272BEF-24FC-41DC-A294-FFEDF9C453FD}.Debug-ROW_ORDER|x86.Build.0 = Debug-ROW_ORDER|Win32
		{E7272BEF-24FC-41DC-A294-FFEDF9C453FD}.Release-COLUMN_ORDER|ARM.ActiveCfg = Release-COLUMN_ORDER|Win32
		{E7272BEF-24FC-41DC-A294-FFEDF9C453FD}.Release-COLUMN_ORDER|x64.ActiveCfg = Release-COLUMN_ORDER|x64
		{E7272BEF-24FC-41DC-A294-FFEDF9C453FD}.Release-COLUMN_ORDER|x64.Build.0 = Release-COLUMN_ORDER|x64
		{E7272BEF-24FC-41DC-A294-FFEDF9C453FD}.Release-COLUMN_ORDER|x86.ActiveCfg = Release-COLUMN_ORDER|Win32
		{E7272BEF-24FC-41DC-A294-FFEDF9C453FD}.Release-COLUMN_ORDER|x86.Build.0 = Release-COLUMN_ORDER|Win32
		{E7272BEF-24FC-41DC-A294-FFEDF9C453FD}.Release-ROW_ORDER|ARM.ActiveCfg = Release-ROW_ORDER|Win32
		{E7272BEF-24FC-41DC-A294-FFEDF9C453FD}.Release-ROW_ORDER|x64.ActiveCfg = Release-ROW_ORDER|x64
		{E7272BEF-24FC-41DC-A294-FFEDF9C453FD}.Release-ROW_ORDER|x64.Build.0 = Release-ROW_ORDER|x64
		{E7272BEF-24FC-41DC-A294-FFEDF9C453FD}.Release-ROW_ORDER|x86.ActiveCfg = Release-ROW_ORDER|Win32
		{E7272BEF-24FC-41DC-A294-FFEDF9C453FD}.Release-ROW_ORDER|x86.Build.0 = Release-ROW_ORDER|Win32
	EndGlobalSection
	GlobalSection(SolutionProperties) = preSolution
		HideSolutionNode = FALSE
	EndGlobalSection
	GlobalSection(ExtensibilityGlobals) = postSolution
		SolutionGuid = {6D02C602-5613-4734-931B-2440D12AE94F}
	EndGlobalSection
EndGlobal
